
Microsoft Visual Studio Solution File, Format Version 12.00
# Visual Studio 15
VisualStudioVersion = 15.0.26430.6
MinimumVisualStudioVersion = 10.0.40219.1
Project("{FAE04EC0-301F-11D3-BF4B-00C04F79EFBC}") = "DebitCardNumber", "DebitCardNumber\DebitCardNumber.csproj", "{2D1B030E-9F65-4F55-BC1C-EA688E315C61}"
EndProject
Project("{FAE04EC0-301F-11D3-BF4B-00C04F79EFBC}") = "RectangleArea", "RectangleArea\RectangleArea.csproj", "{C695CBF7-9B67-4873-87B7-F28890994845}"
EndProject
Project("{FAE04EC0-301F-11D3-BF4B-00C04F79EFBC}") = "CharacterStats", "CharacterStats\CharacterStats.csproj", "{217D82A9-9AC3-4FCD-9775-CD6A97C946B3}"
EndProject
Project("{FAE04EC0-301F-11D3-BF4B-00C04F79EFBC}") = "MilesToKilometers", "MilesToKilometers\MilesToKilometers.csproj", "{3EC0AFB6-70ED-4938-A671-D17599276BA5}"
EndProject
Project("{FAE04EC0-301F-11D3-BF4B-00C04F79EFBC}") = "BeverageLabels", "BeverageLabels\BeverageLabels.csproj", "{A5C27724-2729-46A9-BE0A-58A71CBDBF98}"
EndProject
Global
	GlobalSection(SolutionConfigurationPlatforms) = preSolution
		Debug|Any CPU = Debug|Any CPU
		Release|Any CPU = Release|Any CPU
	EndGlobalSection
	GlobalSection(ProjectConfigurationPlatforms) = postSolution
		{2D1B030E-9F65-4F55-BC1C-EA688E315C61}.Debug|Any CPU.ActiveCfg = Debug|Any CPU
		{2D1B030E-9F65-4F55-BC1C-EA688E315C61}.Debug|Any CPU.Build.0 = Debug|Any CPU
		{2D1B030E-9F65-4F55-BC1C-EA688E315C61}.Release|Any CPU.ActiveCfg = Release|Any CPU
		{2D1B030E-9F65-4F55-BC1C-EA688E315C61}.Release|Any CPU.Build.0 = Release|Any CPU
		{C695CBF7-9B67-4873-87B7-F28890994845}.Debug|Any CPU.ActiveCfg = Debug|Any CPU
		{C695CBF7-9B67-4873-87B7-F28890994845}.Debug|Any CPU.Build.0 = Debug|Any CPU
		{C695CBF7-9B67-4873-87B7-F28890994845}.Release|Any CPU.ActiveCfg = Release|Any CPU
		{C695CBF7-9B67-4873-87B7-F28890994845}.Release|Any CPU.Build.0 = Release|Any CPU
		{217D82A9-9AC3-4FCD-9775-CD6A97C946B3}.Debug|Any CPU.ActiveCfg = Debug|Any CPU
		{217D82A9-9AC3-4FCD-9775-CD6A97C946B3}.Debug|Any CPU.Build.0 = Debug|Any CPU
		{217D82A9-9AC3-4FCD-9775-CD6A97C946B3}.Release|Any CPU.ActiveCfg = Release|Any CPU
		{217D82A9-9AC3-4FCD-9775-CD6A97C946B3}.Release|Any CPU.Build.0 = Release|Any CPU
		{3EC0AFB6-70ED-4938-A671-D17599276BA5}.Debug|Any CPU.ActiveCfg = Debug|Any CPU
		{3EC0AFB6-70ED-4938-A671-D17599276BA5}.Debug|Any CPU.Build.0 = Debug|Any CPU
		{3EC0AFB6-70ED-4938-A671-D17599276BA5}.Release|Any CPU.ActiveCfg = Release|Any CPU
		{3EC0AFB6-70ED-4938-A671-D17599276BA5}.Release|Any CPU.Build.0 = Release|Any CPU
		{A5C27724-2729-46A9-BE0A-58A71CBDBF98}.Debug|Any CPU.ActiveCfg = Debug|Any CPU
		{A5C27724-2729-46A9-BE0A-58A71CBDBF98}.Debug|Any CPU.Build.0 = Debug|Any CPU
		{A5C27724-2729-46A9-BE0A-58A71CBDBF98}.Release|Any CPU.ActiveCfg = Release|Any CPU
		{A5C27724-2729-46A9-BE0A-58A71CBDBF98}.Release|Any CPU.Build.0 = Release|Any CPU
	EndGlobalSection
	GlobalSection(SolutionProperties) = preSolution
		HideSolutionNode = FALSE
	EndGlobalSection
EndGlobal
